
Microsoft Visual Studio Solution File, Format Version 12.00
# Visual Studio Version 17
VisualStudioVersion = 17.2.32526.322
MinimumVisualStudioVersion = 10.0.40219.1
Project("{FAE04EC0-301F-11D3-BF4B-00C04F79EFBC}") = "TVClock", "TVClock\TVClock.csproj", "{ECC0EFFA-0DB9-4EB1-85B8-DB0F22A3EAF9}"
EndProject
Global
	GlobalSection(SolutionConfigurationPlatforms) = preSolution
		Debug|Any CPU = Debug|Any CPU
		Release|Any CPU = Release|Any CPU
	EndGlobalSection
	GlobalSection(ProjectConfigurationPlatforms) = postSolution
		{ECC0EFFA-0DB9-4EB1-85B8-DB0F22A3EAF9}.Debug|Any CPU.ActiveCfg = Debug|Any CPU
		{ECC0EFFA-0DB9-4EB1-85B8-DB0F22A3EAF9}.Debug|Any CPU.Build.0 = Debug|Any CPU
		{ECC0EFFA-0DB9-4EB1-85B8-DB0F22A3EAF9}.Release|Any CPU.ActiveCfg = Release|Any CPU
		{ECC0EFFA-0DB9-4EB1-85B8-DB0F22A3EAF9}.Release|Any CPU.Build.0 = Release|Any CPU
	EndGlobalSection
	GlobalSection(SolutionProperties) = preSolution
		HideSolutionNode = FALSE
	EndGlobalSection
	GlobalSection(ExtensibilityGlobals) = postSolution
		SolutionGuid = {4C14D6CB-7E11-4B18-85D9-5C59F10BD60B}
	EndGlobalSection
EndGlobal
